
Microsoft Visual Studio Solution File, Format Version 12.00
# Visual Studio Version 17
VisualStudioVersion = 17.14.36109.1
MinimumVisualStudioVersion = 10.0.40219.1
Project("{FAE04EC0-301F-11D3-BF4B-00C04F79EFBC}") = "OrderMgt.API", "OrderMgt.API\OrderMgt.API.csproj", "{BEADAB82-D695-4067-A114-7F7BCA890F36}"
	ProjectSection(ProjectDependencies) = postProject
		{632BC126-1248-4EE1-A62C-275B8E766BD2} = {632BC126-1248-4EE1-A62C-275B8E766BD2}
	EndProjectSection
EndProject
Project("{FAE04EC0-301F-11D3-BF4B-00C04F79EFBC}") = "OrderMgt.Model", "OrderMgt.Model\OrderMgt.Model.csproj", "{632BC126-1248-4EE1-A62C-275B8E766BD2}"
EndProject
Project("{FAE04EC0-301F-11D3-BF4B-00C04F79EFBC}") = "OrderMgt.DatabaseUpdater", "OrderMgt.DatabaseUpdater\OrderMgt.DatabaseUpdater.csproj", "{966ED9AA-2432-4577-94F9-B1249C9A4AF7}"
EndProject
Project("{FAE04EC0-301F-11D3-BF4B-00C04F79EFBC}") = "OrderMgt.TEST", "OrderMgt.TEST\OrderMgt.TEST.csproj", "{52BE90D7-A889-44FC-AEF8-C023EF225296}"
EndProject
Project("{FAE04EC0-301F-11D3-BF4B-00C04F79EFBC}") = "OrderMgt.TEST.IntegrationTest", "OrderMgt.TEST.IntegrationTest\OrderMgt.TEST.IntegrationTest.csproj", "{BDDEE324-4692-4A34-815D-7CF980A1F2B4}"
EndProject
Global
	GlobalSection(SolutionConfigurationPlatforms) = preSolution
		Debug|Any CPU = Debug|Any CPU
		Release|Any CPU = Release|Any CPU
	EndGlobalSection
	GlobalSection(ProjectConfigurationPlatforms) = postSolution
		{BEADAB82-D695-4067-A114-7F7BCA890F36}.Debug|Any CPU.ActiveCfg = Debug|Any CPU
		{BEADAB82-D695-4067-A114-7F7BCA890F36}.Debug|Any CPU.Build.0 = Debug|Any CPU
		{BEADAB82-D695-4067-A114-7F7BCA890F36}.Release|Any CPU.ActiveCfg = Release|Any CPU
		{BEADAB82-D695-4067-A114-7F7BCA890F36}.Release|Any CPU.Build.0 = Release|Any CPU
		{632BC126-1248-4EE1-A62C-275B8E766BD2}.Debug|Any CPU.ActiveCfg = Debug|Any CPU
		{632BC126-1248-4EE1-A62C-275B8E766BD2}.Debug|Any CPU.Build.0 = Debug|Any CPU
		{632BC126-1248-4EE1-A62C-275B8E766BD2}.Release|Any CPU.ActiveCfg = Release|Any CPU
		{632BC126-1248-4EE1-A62C-275B8E766BD2}.Release|Any CPU.Build.0 = Release|Any CPU
		{966ED9AA-2432-4577-94F9-B1249C9A4AF7}.Debug|Any CPU.ActiveCfg = Debug|Any CPU
		{966ED9AA-2432-4577-94F9-B1249C9A4AF7}.Debug|Any CPU.Build.0 = Debug|Any CPU
		{966ED9AA-2432-4577-94F9-B1249C9A4AF7}.Release|Any CPU.ActiveCfg = Release|Any CPU
		{966ED9AA-2432-4577-94F9-B1249C9A4AF7}.Release|Any CPU.Build.0 = Release|Any CPU
		{52BE90D7-A889-44FC-AEF8-C023EF225296}.Debug|Any CPU.ActiveCfg = Debug|Any CPU
		{52BE90D7-A889-44FC-AEF8-C023EF225296}.Debug|Any CPU.Build.0 = Debug|Any CPU
		{52BE90D7-A889-44FC-AEF8-C023EF225296}.Release|Any CPU.ActiveCfg = Release|Any CPU
		{52BE90D7-A889-44FC-AEF8-C023EF225296}.Release|Any CPU.Build.0 = Release|Any CPU
		{BDDEE324-4692-4A34-815D-7CF980A1F2B4}.Debug|Any CPU.ActiveCfg = Debug|Any CPU
		{BDDEE324-4692-4A34-815D-7CF980A1F2B4}.Debug|Any CPU.Build.0 = Debug|Any CPU
		{BDDEE324-4692-4A34-815D-7CF980A1F2B4}.Release|Any CPU.ActiveCfg = Release|Any CPU
		{BDDEE324-4692-4A34-815D-7CF980A1F2B4}.Release|Any CPU.Build.0 = Release|Any CPU
	EndGlobalSection
	GlobalSection(SolutionProperties) = preSolution
		HideSolutionNode = FALSE
	EndGlobalSection
	GlobalSection(ExtensibilityGlobals) = postSolution
		SolutionGuid = {5486663B-564E-4BDE-9DF2-F94D8552E341}
	EndGlobalSection
EndGlobal
